// !$*UTF8*$!
{
	archiveVersion = 1;
	classes = {
	};
	objectVersion = 50;
	objects = {

/* Begin PBXBuildFile section */
		2C71EA3423B6619C00992B77 /* ItemTableViewCell.swift in Sources */ = {isa = PBXBuildFile; fileRef = 2C71EA3323B6619C00992B77 /* ItemTableViewCell.swift */; };
		2C71EA3623B661A400992B77 /* TrackTableViewCell.swift in Sources */ = {isa = PBXBuildFile; fileRef = 2C71EA3523B661A400992B77 /* TrackTableViewCell.swift */; };
		2C71EA3823B661BE00992B77 /* MediaItem.swift in Sources */ = {isa = PBXBuildFile; fileRef = 2C71EA3723B661BD00992B77 /* MediaItem.swift */; };
		2C71EA3A23B661C500992B77 /* User.swift in Sources */ = {isa = PBXBuildFile; fileRef = 2C71EA3923B661C500992B77 /* User.swift */; };
		2C71EA3C23B661E400992B77 /* MediaRecommenderController.swift in Sources */ = {isa = PBXBuildFile; fileRef = 2C71EA3B23B661E400992B77 /* MediaRecommenderController.swift */; };
		2C71EA3E23B661EC00992B77 /* MediaItemController.swift in Sources */ = {isa = PBXBuildFile; fileRef = 2C71EA3D23B661EC00992B77 /* MediaItemController.swift */; };
		2C71EA4023B661F400992B77 /* UserController.swift in Sources */ = {isa = PBXBuildFile; fileRef = 2C71EA3F23B661F400992B77 /* UserController.swift */; };
		2C71EA4223B6657900992B77 /* MediaListTableViewController.swift in Sources */ = {isa = PBXBuildFile; fileRef = 2C71EA4123B6657900992B77 /* MediaListTableViewController.swift */; };
		2C71EA4423B6658000992B77 /* ItemDetailViewController.swift in Sources */ = {isa = PBXBuildFile; fileRef = 2C71EA4323B6658000992B77 /* ItemDetailViewController.swift */; };
		2C71EA4623B6659B00992B77 /* TrackListTableViewController.swift in Sources */ = {isa = PBXBuildFile; fileRef = 2C71EA4523B6659B00992B77 /* TrackListTableViewController.swift */; };
		2C71EA4823B665A200992B77 /* TrackDetailViewController.swift in Sources */ = {isa = PBXBuildFile; fileRef = 2C71EA4723B665A200992B77 /* TrackDetailViewController.swift */; };
		2C71EA4A23B675E000992B77 /* RecItem.swift in Sources */ = {isa = PBXBuildFile; fileRef = 2C71EA4923B675E000992B77 /* RecItem.swift */; };
		2C71EA4C23B67B9800992B77 /* RecommendedItems.storyboard in Resources */ = {isa = PBXBuildFile; fileRef = 2C71EA4B23B67B9800992B77 /* RecommendedItems.storyboard */; };
		2C71EA4F23B67DB800992B77 /* RecItemsTableViewController.swift in Sources */ = {isa = PBXBuildFile; fileRef = 2C71EA4E23B67DB800992B77 /* RecItemsTableViewController.swift */; };
		2C71EA5123B67E2D00992B77 /* RecItemTableViewCell.swift in Sources */ = {isa = PBXBuildFile; fileRef = 2C71EA5023B67E2D00992B77 /* RecItemTableViewCell.swift */; };
		2CBE6D0D23C17726007BD3BC /* MediaListViewController.swift in Sources */ = {isa = PBXBuildFile; fileRef = 2CBE6D0C23C17726007BD3BC /* MediaListViewController.swift */; };
		2CBE6D0F23C17859007BD3BC /* ItemCollectionViewCell.swift in Sources */ = {isa = PBXBuildFile; fileRef = 2CBE6D0E23C17859007BD3BC /* ItemCollectionViewCell.swift */; };
		2CCE213323B53810008A1611 /* AppDelegate.swift in Sources */ = {isa = PBXBuildFile; fileRef = 2CCE213223B53810008A1611 /* AppDelegate.swift */; };
		2CCE213523B53810008A1611 /* SceneDelegate.swift in Sources */ = {isa = PBXBuildFile; fileRef = 2CCE213423B53810008A1611 /* SceneDelegate.swift */; };
		2CCE213A23B53810008A1611 /* Main.storyboard in Resources */ = {isa = PBXBuildFile; fileRef = 2CCE213823B53810008A1611 /* Main.storyboard */; };
		2CCE213C23B53811008A1611 /* Assets.xcassets in Resources */ = {isa = PBXBuildFile; fileRef = 2CCE213B23B53811008A1611 /* Assets.xcassets */; };
		2CCE213F23B53811008A1611 /* LaunchScreen.storyboard in Resources */ = {isa = PBXBuildFile; fileRef = 2CCE213D23B53811008A1611 /* LaunchScreen.storyboard */; };
		2CCE214923B53843008A1611 /* CloudKit.framework in Frameworks */ = {isa = PBXBuildFile; fileRef = 2CCE214823B53843008A1611 /* CloudKit.framework */; };
		2CCE215323B53A91008A1611 /* Colors.xcassets in Resources */ = {isa = PBXBuildFile; fileRef = 2CCE215223B53A91008A1611 /* Colors.xcassets */; };
		2CCE215823B53B1A008A1611 /* LoginViewController.swift in Sources */ = {isa = PBXBuildFile; fileRef = 2CCE215723B53B1A008A1611 /* LoginViewController.swift */; };
		2CCE215A23B53F22008A1611 /* CustomView.swift in Sources */ = {isa = PBXBuildFile; fileRef = 2CCE215923B53F22008A1611 /* CustomView.swift */; };
		2CCE215C23B541EA008A1611 /* MediaSearch.storyboard in Resources */ = {isa = PBXBuildFile; fileRef = 2CCE215B23B541EA008A1611 /* MediaSearch.storyboard */; };
		2CD10C5923C382F0000C6C3A /* PhotoSelectorViewController.swift in Sources */ = {isa = PBXBuildFile; fileRef = 2CD10C5823C382F0000C6C3A /* PhotoSelectorViewController.swift */; };
		2CD10C5C23C3B44B000C6C3A /* PopOverViewController.swift in Sources */ = {isa = PBXBuildFile; fileRef = 2CD10C5B23C3B44B000C6C3A /* PopOverViewController.swift */; };
		2CD10C5E23C3B556000C6C3A /* PopOver.storyboard in Resources */ = {isa = PBXBuildFile; fileRef = 2CD10C5D23C3B556000C6C3A /* PopOver.storyboard */; };
/* End PBXBuildFile section */

/* Begin PBXFileReference section */
		2C71EA3323B6619C00992B77 /* ItemTableViewCell.swift */ = {isa = PBXFileReference; fileEncoding = 4; lastKnownFileType = sourcecode.swift; path = ItemTableViewCell.swift; sourceTree = "<group>"; };
		2C71EA3523B661A400992B77 /* TrackTableViewCell.swift */ = {isa = PBXFileReference; fileEncoding = 4; lastKnownFileType = sourcecode.swift; path = TrackTableViewCell.swift; sourceTree = "<group>"; };
		2C71EA3723B661BD00992B77 /* MediaItem.swift */ = {isa = PBXFileReference; fileEncoding = 4; lastKnownFileType = sourcecode.swift; path = MediaItem.swift; sourceTree = "<group>"; };
		2C71EA3923B661C500992B77 /* User.swift */ = {isa = PBXFileReference; fileEncoding = 4; lastKnownFileType = sourcecode.swift; path = User.swift; sourceTree = "<group>"; };
		2C71EA3B23B661E400992B77 /* MediaRecommenderController.swift */ = {isa = PBXFileReference; fileEncoding = 4; lastKnownFileType = sourcecode.swift; path = MediaRecommenderController.swift; sourceTree = "<group>"; };
		2C71EA3D23B661EC00992B77 /* MediaItemController.swift */ = {isa = PBXFileReference; fileEncoding = 4; lastKnownFileType = sourcecode.swift; path = MediaItemController.swift; sourceTree = "<group>"; };
		2C71EA3F23B661F400992B77 /* UserController.swift */ = {isa = PBXFileReference; fileEncoding = 4; lastKnownFileType = sourcecode.swift; path = UserController.swift; sourceTree = "<group>"; };
		2C71EA4123B6657900992B77 /* MediaListTableViewController.swift */ = {isa = PBXFileReference; fileEncoding = 4; lastKnownFileType = sourcecode.swift; path = MediaListTableViewController.swift; sourceTree = "<group>"; };
		2C71EA4323B6658000992B77 /* ItemDetailViewController.swift */ = {isa = PBXFileReference; fileEncoding = 4; lastKnownFileType = sourcecode.swift; path = ItemDetailViewController.swift; sourceTree = "<group>"; };
		2C71EA4523B6659B00992B77 /* TrackListTableViewController.swift */ = {isa = PBXFileReference; fileEncoding = 4; lastKnownFileType = sourcecode.swift; path = TrackListTableViewController.swift; sourceTree = "<group>"; };
		2C71EA4723B665A200992B77 /* TrackDetailViewController.swift */ = {isa = PBXFileReference; fileEncoding = 4; lastKnownFileType = sourcecode.swift; path = TrackDetailViewController.swift; sourceTree = "<group>"; };
		2C71EA4923B675E000992B77 /* RecItem.swift */ = {isa = PBXFileReference; lastKnownFileType = sourcecode.swift; path = RecItem.swift; sourceTree = "<group>"; };
		2C71EA4B23B67B9800992B77 /* RecommendedItems.storyboard */ = {isa = PBXFileReference; lastKnownFileType = file.storyboard; path = RecommendedItems.storyboard; sourceTree = "<group>"; };
		2C71EA4E23B67DB800992B77 /* RecItemsTableViewController.swift */ = {isa = PBXFileReference; lastKnownFileType = sourcecode.swift; path = RecItemsTableViewController.swift; sourceTree = "<group>"; };
		2C71EA5023B67E2D00992B77 /* RecItemTableViewCell.swift */ = {isa = PBXFileReference; lastKnownFileType = sourcecode.swift; path = RecItemTableViewCell.swift; sourceTree = "<group>"; };
		2CBE6D0C23C17726007BD3BC /* MediaListViewController.swift */ = {isa = PBXFileReference; lastKnownFileType = sourcecode.swift; path = MediaListViewController.swift; sourceTree = "<group>"; };
		2CBE6D0E23C17859007BD3BC /* ItemCollectionViewCell.swift */ = {isa = PBXFileReference; lastKnownFileType = sourcecode.swift; path = ItemCollectionViewCell.swift; sourceTree = "<group>"; };
		2CCE212F23B53810008A1611 /* MediaSearch.app */ = {isa = PBXFileReference; explicitFileType = wrapper.application; includeInIndex = 0; path = MediaSearch.app; sourceTree = BUILT_PRODUCTS_DIR; };
		2CCE213223B53810008A1611 /* AppDelegate.swift */ = {isa = PBXFileReference; lastKnownFileType = sourcecode.swift; path = AppDelegate.swift; sourceTree = "<group>"; };
		2CCE213423B53810008A1611 /* SceneDelegate.swift */ = {isa = PBXFileReference; lastKnownFileType = sourcecode.swift; path = SceneDelegate.swift; sourceTree = "<group>"; };
		2CCE213923B53810008A1611 /* Base */ = {isa = PBXFileReference; lastKnownFileType = file.storyboard; name = Base; path = Base.lproj/Main.storyboard; sourceTree = "<group>"; };
		2CCE213B23B53811008A1611 /* Assets.xcassets */ = {isa = PBXFileReference; lastKnownFileType = folder.assetcatalog; path = Assets.xcassets; sourceTree = "<group>"; };
		2CCE213E23B53811008A1611 /* Base */ = {isa = PBXFileReference; lastKnownFileType = file.storyboard; name = Base; path = Base.lproj/LaunchScreen.storyboard; sourceTree = "<group>"; };
		2CCE214023B53811008A1611 /* Info.plist */ = {isa = PBXFileReference; lastKnownFileType = text.plist.xml; path = Info.plist; sourceTree = "<group>"; };
		2CCE214623B53833008A1611 /* MediaSearch.entitlements */ = {isa = PBXFileReference; lastKnownFileType = text.plist.entitlements; path = MediaSearch.entitlements; sourceTree = "<group>"; };
		2CCE214823B53843008A1611 /* CloudKit.framework */ = {isa = PBXFileReference; lastKnownFileType = wrapper.framework; name = CloudKit.framework; path = System/Library/Frameworks/CloudKit.framework; sourceTree = SDKROOT; };
		2CCE215223B53A91008A1611 /* Colors.xcassets */ = {isa = PBXFileReference; lastKnownFileType = folder.assetcatalog; path = Colors.xcassets; sourceTree = "<group>"; };
		2CCE215723B53B1A008A1611 /* LoginViewController.swift */ = {isa = PBXFileReference; lastKnownFileType = sourcecode.swift; path = LoginViewController.swift; sourceTree = "<group>"; };
		2CCE215923B53F22008A1611 /* CustomView.swift */ = {isa = PBXFileReference; lastKnownFileType = sourcecode.swift; path = CustomView.swift; sourceTree = "<group>"; };
		2CCE215B23B541EA008A1611 /* MediaSearch.storyboard */ = {isa = PBXFileReference; lastKnownFileType = file.storyboard; path = MediaSearch.storyboard; sourceTree = "<group>"; };
		2CD10C5823C382F0000C6C3A /* PhotoSelectorViewController.swift */ = {isa = PBXFileReference; lastKnownFileType = sourcecode.swift; path = PhotoSelectorViewController.swift; sourceTree = "<group>"; };
		2CD10C5B23C3B44B000C6C3A /* PopOverViewController.swift */ = {isa = PBXFileReference; lastKnownFileType = sourcecode.swift; path = PopOverViewController.swift; sourceTree = "<group>"; };
		2CD10C5D23C3B556000C6C3A /* PopOver.storyboard */ = {isa = PBXFileReference; lastKnownFileType = file.storyboard; path = PopOver.storyboard; sourceTree = "<group>"; };
/* End PBXFileReference section */

/* Begin PBXFrameworksBuildPhase section */
		2CCE212C23B53810008A1611 /* Frameworks */ = {
			isa = PBXFrameworksBuildPhase;
			buildActionMask = 2147483647;
			files = (
				2CCE214923B53843008A1611 /* CloudKit.framework in Frameworks */,
			);
			runOnlyForDeploymentPostprocessing = 0;
		};
/* End PBXFrameworksBuildPhase section */

/* Begin PBXGroup section */
		2C71EA4D23B67D6700992B77 /* RecItemsVC */ = {
			isa = PBXGroup;
			children = (
				2C71EA4E23B67DB800992B77 /* RecItemsTableViewController.swift */,
			);
			path = RecItemsVC;
			sourceTree = "<group>";
		};
		2CCE212623B53810008A1611 = {
			isa = PBXGroup;
			children = (
				2CCE213123B53810008A1611 /* MediaSearch */,
				2CCE213023B53810008A1611 /* Products */,
				2CCE214723B53843008A1611 /* Frameworks */,
			);
			sourceTree = "<group>";
		};
		2CCE213023B53810008A1611 /* Products */ = {
			isa = PBXGroup;
			children = (
				2CCE212F23B53810008A1611 /* MediaSearch.app */,
			);
			name = Products;
			sourceTree = "<group>";
		};
		2CCE213123B53810008A1611 /* MediaSearch */ = {
			isa = PBXGroup;
			children = (
				2CCE214E23B539A3008A1611 /* UI */,
				2CCE214D23B53997008A1611 /* Models */,
				2CCE214C23B53989008A1611 /* ModelControllers */,
				2CCE214B23B5397B008A1611 /* ViewControllers */,
				2CCE214A23B53864008A1611 /* Resources */,
			);
			path = MediaSearch;
			sourceTree = "<group>";
		};
		2CCE214723B53843008A1611 /* Frameworks */ = {
			isa = PBXGroup;
			children = (
				2CCE214823B53843008A1611 /* CloudKit.framework */,
			);
			name = Frameworks;
			sourceTree = "<group>";
		};
		2CCE214A23B53864008A1611 /* Resources */ = {
			isa = PBXGroup;
			children = (
				2CCE214623B53833008A1611 /* MediaSearch.entitlements */,
				2CCE213223B53810008A1611 /* AppDelegate.swift */,
				2CCE213423B53810008A1611 /* SceneDelegate.swift */,
				2CCE215223B53A91008A1611 /* Colors.xcassets */,
				2CCE213B23B53811008A1611 /* Assets.xcassets */,
				2CCE213D23B53811008A1611 /* LaunchScreen.storyboard */,
				2CCE214023B53811008A1611 /* Info.plist */,
				2C71EA3323B6619C00992B77 /* ItemTableViewCell.swift */,
				2C71EA4123B6657900992B77 /* MediaListTableViewController.swift */,
			);
			path = Resources;
			sourceTree = "<group>";
		};
		2CCE214B23B5397B008A1611 /* ViewControllers */ = {
			isa = PBXGroup;
			children = (
				2CCE215623B53AFF008A1611 /* LoginVC */,
				2CD10C5A23C3B420000C6C3A /* PopOverVC */,
				2CD10C5723C382AA000C6C3A /* PhotoSelectorVC */,
				2CCE215523B53AE0008A1611 /* MediaSearchVC */,
				2CCE215423B53AD0008A1611 /* MediaTrackVC */,
				2C71EA4D23B67D6700992B77 /* RecItemsVC */,
			);
			path = ViewControllers;
			sourceTree = "<group>";
		};
		2CCE214C23B53989008A1611 /* ModelControllers */ = {
			isa = PBXGroup;
			children = (
				2C71EA3F23B661F400992B77 /* UserController.swift */,
				2C71EA3D23B661EC00992B77 /* MediaItemController.swift */,
				2C71EA3B23B661E400992B77 /* MediaRecommenderController.swift */,
			);
			path = ModelControllers;
			sourceTree = "<group>";
		};
		2CCE214D23B53997008A1611 /* Models */ = {
			isa = PBXGroup;
			children = (
				2C71EA3923B661C500992B77 /* User.swift */,
				2C71EA3723B661BD00992B77 /* MediaItem.swift */,
				2C71EA4923B675E000992B77 /* RecItem.swift */,
			);
			path = Models;
			sourceTree = "<group>";
		};
		2CCE214E23B539A3008A1611 /* UI */ = {
			isa = PBXGroup;
			children = (
				2CCE215123B539C1008A1611 /* StoryBoard */,
				2CCE215023B539B9008A1611 /* CustomUI */,
				2CCE214F23B539AF008A1611 /* CustomCells */,
			);
			path = UI;
			sourceTree = "<group>";
		};
		2CCE214F23B539AF008A1611 /* CustomCells */ = {
			isa = PBXGroup;
			children = (
				2CBE6D0E23C17859007BD3BC /* ItemCollectionViewCell.swift */,
				2C71EA3523B661A400992B77 /* TrackTableViewCell.swift */,
				2C71EA5023B67E2D00992B77 /* RecItemTableViewCell.swift */,
			);
			path = CustomCells;
			sourceTree = "<group>";
		};
		2CCE215023B539B9008A1611 /* CustomUI */ = {
			isa = PBXGroup;
			children = (
				2CCE215923B53F22008A1611 /* CustomView.swift */,
			);
			path = CustomUI;
			sourceTree = "<group>";
		};
		2CCE215123B539C1008A1611 /* StoryBoard */ = {
			isa = PBXGroup;
			children = (
				2CCE213823B53810008A1611 /* Main.storyboard */,
				2CCE215B23B541EA008A1611 /* MediaSearch.storyboard */,
				2C71EA4B23B67B9800992B77 /* RecommendedItems.storyboard */,
				2CD10C5D23C3B556000C6C3A /* PopOver.storyboard */,
			);
			path = StoryBoard;
			sourceTree = "<group>";
		};
		2CCE215423B53AD0008A1611 /* MediaTrackVC */ = {
			isa = PBXGroup;
			children = (
				2C71EA4523B6659B00992B77 /* TrackListTableViewController.swift */,
				2C71EA4723B665A200992B77 /* TrackDetailViewController.swift */,
			);
			path = MediaTrackVC;
			sourceTree = "<group>";
		};
		2CCE215523B53AE0008A1611 /* MediaSearchVC */ = {
			isa = PBXGroup;
			children = (
				2CBE6D0C23C17726007BD3BC /* MediaListViewController.swift */,
				2C71EA4323B6658000992B77 /* ItemDetailViewController.swift */,
			);
			path = MediaSearchVC;
			sourceTree = "<group>";
		};
		2CCE215623B53AFF008A1611 /* LoginVC */ = {
			isa = PBXGroup;
			children = (
				2CCE215723B53B1A008A1611 /* LoginViewController.swift */,
			);
			path = LoginVC;
			sourceTree = "<group>";
		};
		2CD10C5723C382AA000C6C3A /* PhotoSelectorVC */ = {
			isa = PBXGroup;
			children = (
				2CD10C5823C382F0000C6C3A /* PhotoSelectorViewController.swift */,
			);
			path = PhotoSelectorVC;
			sourceTree = "<group>";
		};
		2CD10C5A23C3B420000C6C3A /* PopOverVC */ = {
			isa = PBXGroup;
			children = (
				2CD10C5B23C3B44B000C6C3A /* PopOverViewController.swift */,
			);
			path = PopOverVC;
			sourceTree = "<group>";
		};
/* End PBXGroup section */

/* Begin PBXNativeTarget section */
		2CCE212E23B53810008A1611 /* MediaSearch */ = {
			isa = PBXNativeTarget;
			buildConfigurationList = 2CCE214323B53811008A1611 /* Build configuration list for PBXNativeTarget "MediaSearch" */;
			buildPhases = (
				2CCE212B23B53810008A1611 /* Sources */,
				2CCE212C23B53810008A1611 /* Frameworks */,
				2CCE212D23B53810008A1611 /* Resources */,
			);
			buildRules = (
			);
			dependencies = (
			);
			name = MediaSearch;
			productName = MediaSearch;
			productReference = 2CCE212F23B53810008A1611 /* MediaSearch.app */;
			productType = "com.apple.product-type.application";
		};
/* End PBXNativeTarget section */

/* Begin PBXProject section */
		2CCE212723B53810008A1611 /* Project object */ = {
			isa = PBXProject;
			attributes = {
				LastSwiftUpdateCheck = 1130;
				LastUpgradeCheck = 1130;
				ORGANIZATIONNAME = "Renaissance Apps";
				TargetAttributes = {
					2CCE212E23B53810008A1611 = {
						CreatedOnToolsVersion = 11.3;
					};
				};
			};
			buildConfigurationList = 2CCE212A23B53810008A1611 /* Build configuration list for PBXProject "MediaSearch" */;
			compatibilityVersion = "Xcode 9.3";
			developmentRegion = en;
			hasScannedForEncodings = 0;
			knownRegions = (
				en,
				Base,
			);
			mainGroup = 2CCE212623B53810008A1611;
			productRefGroup = 2CCE213023B53810008A1611 /* Products */;
			projectDirPath = "";
			projectRoot = "";
			targets = (
				2CCE212E23B53810008A1611 /* MediaSearch */,
			);
		};
/* End PBXProject section */

/* Begin PBXResourcesBuildPhase section */
		2CCE212D23B53810008A1611 /* Resources */ = {
			isa = PBXResourcesBuildPhase;
			buildActionMask = 2147483647;
			files = (
				2CCE213F23B53811008A1611 /* LaunchScreen.storyboard in Resources */,
				2C71EA4C23B67B9800992B77 /* RecommendedItems.storyboard in Resources */,
				2CD10C5E23C3B556000C6C3A /* PopOver.storyboard in Resources */,
				2CCE215323B53A91008A1611 /* Colors.xcassets in Resources */,
				2CCE213C23B53811008A1611 /* Assets.xcassets in Resources */,
				2CCE213A23B53810008A1611 /* Main.storyboard in Resources */,
				2CCE215C23B541EA008A1611 /* MediaSearch.storyboard in Resources */,
			);
			runOnlyForDeploymentPostprocessing = 0;
		};
/* End PBXResourcesBuildPhase section */

/* Begin PBXSourcesBuildPhase section */
		2CCE212B23B53810008A1611 /* Sources */ = {
			isa = PBXSourcesBuildPhase;
			buildActionMask = 2147483647;
			files = (
				2C71EA4223B6657900992B77 /* MediaListTableViewController.swift in Sources */,
				2C71EA3C23B661E400992B77 /* MediaRecommenderController.swift in Sources */,
				2CBE6D0D23C17726007BD3BC /* MediaListViewController.swift in Sources */,
				2CCE215823B53B1A008A1611 /* LoginViewController.swift in Sources */,
				2CD10C5C23C3B44B000C6C3A /* PopOverViewController.swift in Sources */,
				2C71EA3423B6619C00992B77 /* ItemTableViewCell.swift in Sources */,
				2CBE6D0F23C17859007BD3BC /* ItemCollectionViewCell.swift in Sources */,
				2CCE215A23B53F22008A1611 /* CustomView.swift in Sources */,
				2C71EA4623B6659B00992B77 /* TrackListTableViewController.swift in Sources */,
				2C71EA3E23B661EC00992B77 /* MediaItemController.swift in Sources */,
				2CD10C5923C382F0000C6C3A /* PhotoSelectorViewController.swift in Sources */,
				2C71EA3623B661A400992B77 /* TrackTableViewCell.swift in Sources */,
				2CCE213323B53810008A1611 /* AppDelegate.swift in Sources */,
				2C71EA4F23B67DB800992B77 /* RecItemsTableViewController.swift in Sources */,
				2C71EA3A23B661C500992B77 /* User.swift in Sources */,
				2C71EA5123B67E2D00992B77 /* RecItemTableViewCell.swift in Sources */,
				2C71EA4023B661F400992B77 /* UserController.swift in Sources */,
				2C71EA4823B665A200992B77 /* TrackDetailViewController.swift in Sources */,
				2C71EA4423B6658000992B77 /* ItemDetailViewController.swift in Sources */,
				2C71EA4A23B675E000992B77 /* RecItem.swift in Sources */,
				2CCE213523B53810008A1611 /* SceneDelegate.swift in Sources */,
				2C71EA3823B661BE00992B77 /* MediaItem.swift in Sources */,
			);
			runOnlyForDeploymentPostprocessing = 0;
		};
/* End PBXSourcesBuildPhase section */

/* Begin PBXVariantGroup section */
		2CCE213823B53810008A1611 /* Main.storyboard */ = {
			isa = PBXVariantGroup;
			children = (
				2CCE213923B53810008A1611 /* Base */,
			);
			name = Main.storyboard;
			sourceTree = "<group>";
		};
		2CCE213D23B53811008A1611 /* LaunchScreen.storyboard */ = {
			isa = PBXVariantGroup;
			children = (
				2CCE213E23B53811008A1611 /* Base */,
			);
			name = LaunchScreen.storyboard;
			sourceTree = "<group>";
		};
/* End PBXVariantGroup section */

/* Begin XCBuildConfiguration section */
		2CCE214123B53811008A1611 /* Debug */ = {
			isa = XCBuildConfiguration;
			buildSettings = {
				ALWAYS_SEARCH_USER_PATHS = NO;
				CLANG_ANALYZER_NONNULL = YES;
				CLANG_ANALYZER_NUMBER_OBJECT_CONVERSION = YES_AGGRESSIVE;
				CLANG_CXX_LANGUAGE_STANDARD = "gnu++14";
				CLANG_CXX_LIBRARY = "libc++";
				CLANG_ENABLE_MODULES = YES;
				CLANG_ENABLE_OBJC_ARC = YES;
				CLANG_ENABLE_OBJC_WEAK = YES;
				CLANG_WARN_BLOCK_CAPTURE_AUTORELEASING = YES;
				CLANG_WARN_BOOL_CONVERSION = YES;
				CLANG_WARN_COMMA = YES;
				CLANG_WARN_CONSTANT_CONVERSION = YES;
				CLANG_WARN_DEPRECATED_OBJC_IMPLEMENTATIONS = YES;
				CLANG_WARN_DIRECT_OBJC_ISA_USAGE = YES_ERROR;
				CLANG_WARN_DOCUMENTATION_COMMENTS = YES;
				CLANG_WARN_EMPTY_BODY = YES;
				CLANG_WARN_ENUM_CONVERSION = YES;
				CLANG_WARN_INFINITE_RECURSION = YES;
				CLANG_WARN_INT_CONVERSION = YES;
				CLANG_WARN_NON_LITERAL_NULL_CONVERSION = YES;
				CLANG_WARN_OBJC_IMPLICIT_RETAIN_SELF = YES;
				CLANG_WARN_OBJC_LITERAL_CONVERSION = YES;
				CLANG_WARN_OBJC_ROOT_CLASS = YES_ERROR;
				CLANG_WARN_RANGE_LOOP_ANALYSIS = YES;
				CLANG_WARN_STRICT_PROTOTYPES = YES;
				CLANG_WARN_SUSPICIOUS_MOVE = YES;
				CLANG_WARN_UNGUARDED_AVAILABILITY = YES_AGGRESSIVE;
				CLANG_WARN_UNREACHABLE_CODE = YES;
				CLANG_WARN__DUPLICATE_METHOD_MATCH = YES;
				COPY_PHASE_STRIP = NO;
				DEBUG_INFORMATION_FORMAT = dwarf;
				ENABLE_STRICT_OBJC_MSGSEND = YES;
				ENABLE_TESTABILITY = YES;
				GCC_C_LANGUAGE_STANDARD = gnu11;
				GCC_DYNAMIC_NO_PIC = NO;
				GCC_NO_COMMON_BLOCKS = YES;
				GCC_OPTIMIZATION_LEVEL = 0;
				GCC_PREPROCESSOR_DEFINITIONS = (
					"DEBUG=1",
					"$(inherited)",
				);
				GCC_WARN_64_TO_32_BIT_CONVERSION = YES;
				GCC_WARN_ABOUT_RETURN_TYPE = YES_ERROR;
				GCC_WARN_UNDECLARED_SELECTOR = YES;
				GCC_WARN_UNINITIALIZED_AUTOS = YES_AGGRESSIVE;
				GCC_WARN_UNUSED_FUNCTION = YES;
				GCC_WARN_UNUSED_VARIABLE = YES;
				IPHONEOS_DEPLOYMENT_TARGET = 13.2;
				MTL_ENABLE_DEBUG_INFO = INCLUDE_SOURCE;
				MTL_FAST_MATH = YES;
				ONLY_ACTIVE_ARCH = YES;
				SDKROOT = iphoneos;
				SWIFT_ACTIVE_COMPILATION_CONDITIONS = DEBUG;
				SWIFT_OPTIMIZATION_LEVEL = "-Onone";
			};
			name = Debug;
		};
		2CCE214223B53811008A1611 /* Release */ = {
			isa = XCBuildConfiguration;
			buildSettings = {
				ALWAYS_SEARCH_USER_PATHS = NO;
				CLANG_ANALYZER_NONNULL = YES;
				CLANG_ANALYZER_NUMBER_OBJECT_CONVERSION = YES_AGGRESSIVE;
				CLANG_CXX_LANGUAGE_STANDARD = "gnu++14";
				CLANG_CXX_LIBRARY = "libc++";
				CLANG_ENABLE_MODULES = YES;
				CLANG_ENABLE_OBJC_ARC = YES;
				CLANG_ENABLE_OBJC_WEAK = YES;
				CLANG_WARN_BLOCK_CAPTURE_AUTORELEASING = YES;
				CLANG_WARN_BOOL_CONVERSION = YES;
				CLANG_WARN_COMMA = YES;
				CLANG_WARN_CONSTANT_CONVERSION = YES;
				CLANG_WARN_DEPRECATED_OBJC_IMPLEMENTATIONS = YES;
				CLANG_WARN_DIRECT_OBJC_ISA_USAGE = YES_ERROR;
				CLANG_WARN_DOCUMENTATION_COMMENTS = YES;
				CLANG_WARN_EMPTY_BODY = YES;
				CLANG_WARN_ENUM_CONVERSION = YES;
				CLANG_WARN_INFINITE_RECURSION = YES;
				CLANG_WARN_INT_CONVERSION = YES;
				CLANG_WARN_NON_LITERAL_NULL_CONVERSION = YES;
				CLANG_WARN_OBJC_IMPLICIT_RETAIN_SELF = YES;
				CLANG_WARN_OBJC_LITERAL_CONVERSION = YES;
				CLANG_WARN_OBJC_ROOT_CLASS = YES_ERROR;
				CLANG_WARN_RANGE_LOOP_ANALYSIS = YES;
				CLANG_WARN_STRICT_PROTOTYPES = YES;
				CLANG_WARN_SUSPICIOUS_MOVE = YES;
				CLANG_WARN_UNGUARDED_AVAILABILITY = YES_AGGRESSIVE;
				CLANG_WARN_UNREACHABLE_CODE = YES;
				CLANG_WARN__DUPLICATE_METHOD_MATCH = YES;
				COPY_PHASE_STRIP = NO;
				DEBUG_INFORMATION_FORMAT = "dwarf-with-dsym";
				ENABLE_NS_ASSERTIONS = NO;
				ENABLE_STRICT_OBJC_MSGSEND = YES;
				GCC_C_LANGUAGE_STANDARD = gnu11;
				GCC_NO_COMMON_BLOCKS = YES;
				GCC_WARN_64_TO_32_BIT_CONVERSION = YES;
				GCC_WARN_ABOUT_RETURN_TYPE = YES_ERROR;
				GCC_WARN_UNDECLARED_SELECTOR = YES;
				GCC_WARN_UNINITIALIZED_AUTOS = YES_AGGRESSIVE;
				GCC_WARN_UNUSED_FUNCTION = YES;
				GCC_WARN_UNUSED_VARIABLE = YES;
				IPHONEOS_DEPLOYMENT_TARGET = 13.2;
				MTL_ENABLE_DEBUG_INFO = NO;
				MTL_FAST_MATH = YES;
				SDKROOT = iphoneos;
				SWIFT_COMPILATION_MODE = wholemodule;
				SWIFT_OPTIMIZATION_LEVEL = "-O";
				VALIDATE_PRODUCT = YES;
			};
			name = Release;
		};
		2CCE214423B53811008A1611 /* Debug */ = {
			isa = XCBuildConfiguration;
			buildSettings = {
				ASSETCATALOG_COMPILER_APPICON_NAME = AppIcon;
				CODE_SIGN_ENTITLEMENTS = MediaSearch/Resources/MediaSearch.entitlements;
				CODE_SIGN_STYLE = Automatic;
				DEVELOPMENT_TEAM = 4YRVTSSTS2;
				INFOPLIST_FILE = "$(SRCROOT)/MediaSearch/Resources/Info.plist";
				LD_RUNPATH_SEARCH_PATHS = (
					"$(inherited)",
					"@executable_path/Frameworks",
				);
				PRODUCT_BUNDLE_IDENTIFIER = com.RenaissanceApps.MediaSearch;
				PRODUCT_NAME = "$(TARGET_NAME)";
				SWIFT_VERSION = 5.0;
				TARGETED_DEVICE_FAMILY = "1,2";
			};
			name = Debug;
		};
		2CCE214523B53811008A1611 /* Release */ = {
			isa = XCBuildConfiguration;
			buildSettings = {
				ASSETCATALOG_COMPILER_APPICON_NAME = AppIcon;
				CODE_SIGN_ENTITLEMENTS = MediaSearch/Resources/MediaSearch.entitlements;
				CODE_SIGN_STYLE = Automatic;
				DEVELOPMENT_TEAM = 4YRVTSSTS2;
				INFOPLIST_FILE = "$(SRCROOT)/MediaSearch/Resources/Info.plist";
				LD_RUNPATH_SEARCH_PATHS = (
					"$(inherited)",
					"@executable_path/Frameworks",
				);
				PRODUCT_BUNDLE_IDENTIFIER = com.RenaissanceApps.MediaSearch;
				PRODUCT_NAME = "$(TARGET_NAME)";
				SWIFT_VERSION = 5.0;
				TARGETED_DEVICE_FAMILY = "1,2";
			};
			name = Release;
		};
/* End XCBuildConfiguration section */

/* Begin XCConfigurationList section */
		2CCE212A23B53810008A1611 /* Build configuration list for PBXProject "MediaSearch" */ = {
			isa = XCConfigurationList;
			buildConfigurations = (
				2CCE214123B53811008A1611 /* Debug */,
				2CCE214223B53811008A1611 /* Release */,
			);
			defaultConfigurationIsVisible = 0;
			defaultConfigurationName = Release;
		};
		2CCE214323B53811008A1611 /* Build configuration list for PBXNativeTarget "MediaSearch" */ = {
			isa = XCConfigurationList;
			buildConfigurations = (
				2CCE214423B53811008A1611 /* Debug */,
				2CCE214523B53811008A1611 /* Release */,
			);
			defaultConfigurationIsVisible = 0;
			defaultConfigurationName = Release;
		};
/* End XCConfigurationList section */
	};
	rootObject = 2CCE212723B53810008A1611 /* Project object */;
}
